// !$*UTF8*$!
{
	archiveVersion = 1;
	classes = {
	};
	objectVersion = 50;
	objects = {

/* Begin PBXBuildFile section */
		DE05CBD8241B7B7400B4F4F3 /* AppDelegate.m in Sources */ = {isa = PBXBuildFile; fileRef = DE05CBD7241B7B7400B4F4F3 /* AppDelegate.m */; };
		DE05CBDB241B7B7400B4F4F3 /* SceneDelegate.m in Sources */ = {isa = PBXBuildFile; fileRef = DE05CBDA241B7B7400B4F4F3 /* SceneDelegate.m */; };
		DE05CBDE241B7B7400B4F4F3 /* ViewController.m in Sources */ = {isa = PBXBuildFile; fileRef = DE05CBDD241B7B7400B4F4F3 /* ViewController.m */; };
		DE05CBE1241B7B7400B4F4F3 /* Main.storyboard in Resources */ = {isa = PBXBuildFile; fileRef = DE05CBDF241B7B7400B4F4F3 /* Main.storyboard */; };
		DE05CBE3241B7B7500B4F4F3 /* Assets.xcassets in Resources */ = {isa = PBXBuildFile; fileRef = DE05CBE2241B7B7500B4F4F3 /* Assets.xcassets */; };
		DE05CBE6241B7B7500B4F4F3 /* LaunchScreen.storyboard in Resources */ = {isa = PBXBuildFile; fileRef = DE05CBE4241B7B7500B4F4F3 /* LaunchScreen.storyboard */; };
		DE05CBE9241B7B7500B4F4F3 /* main.m in Sources */ = {isa = PBXBuildFile; fileRef = DE05CBE8241B7B7500B4F4F3 /* main.m */; };
		DE05CBF1241B7BD600B4F4F3 /* PopViewController.m in Sources */ = {isa = PBXBuildFile; fileRef = DE05CBF0241B7BD600B4F4F3 /* PopViewController.m */; };
		DE05CBF4241CE56E00B4F4F3 /* AAPopoverViewInWindow.m in Sources */ = {isa = PBXBuildFile; fileRef = DE05CBF3241CE56E00B4F4F3 /* AAPopoverViewInWindow.m */; };
		DE05CBF7241CE75000B4F4F3 /* UIView+AADUtility.m in Sources */ = {isa = PBXBuildFile; fileRef = DE05CBF6241CE75000B4F4F3 /* UIView+AADUtility.m */; };
/* End PBXBuildFile section */

/* Begin PBXFileReference section */
		DE05CBD3241B7B7400B4F4F3 /* PopTips.app */ = {isa = PBXFileReference; explicitFileType = wrapper.application; includeInIndex = 0; path = PopTips.app; sourceTree = BUILT_PRODUCTS_DIR; };
		DE05CBD6241B7B7400B4F4F3 /* AppDelegate.h */ = {isa = PBXFileReference; lastKnownFileType = sourcecode.c.h; path = AppDelegate.h; sourceTree = "<group>"; };
		DE05CBD7241B7B7400B4F4F3 /* AppDelegate.m */ = {isa = PBXFileReference; lastKnownFileType = sourcecode.c.objc; path = AppDelegate.m; sourceTree = "<group>"; };
		DE05CBD9241B7B7400B4F4F3 /* SceneDelegate.h */ = {isa = PBXFileReference; lastKnownFileType = sourcecode.c.h; path = SceneDelegate.h; sourceTree = "<group>"; };
		DE05CBDA241B7B7400B4F4F3 /* SceneDelegate.m */ = {isa = PBXFileReference; lastKnownFileType = sourcecode.c.objc; path = SceneDelegate.m; sourceTree = "<group>"; };
		DE05CBDC241B7B7400B4F4F3 /* ViewController.h */ = {isa = PBXFileReference; lastKnownFileType = sourcecode.c.h; path = ViewController.h; sourceTree = "<group>"; };
		DE05CBDD241B7B7400B4F4F3 /* ViewController.m */ = {isa = PBXFileReference; lastKnownFileType = sourcecode.c.objc; path = ViewController.m; sourceTree = "<group>"; };
		DE05CBE0241B7B7400B4F4F3 /* Base */ = {isa = PBXFileReference; lastKnownFileType = file.storyboard; name = Base; path = Base.lproj/Main.storyboard; sourceTree = "<group>"; };
		DE05CBE2241B7B7500B4F4F3 /* Assets.xcassets */ = {isa = PBXFileReference; lastKnownFileType = folder.assetcatalog; path = Assets.xcassets; sourceTree = "<group>"; };
		DE05CBE5241B7B7500B4F4F3 /* Base */ = {isa = PBXFileReference; lastKnownFileType = file.storyboard; name = Base; path = Base.lproj/LaunchScreen.storyboard; sourceTree = "<group>"; };
		DE05CBE7241B7B7500B4F4F3 /* Info.plist */ = {isa = PBXFileReference; lastKnownFileType = text.plist.xml; path = Info.plist; sourceTree = "<group>"; };
		DE05CBE8241B7B7500B4F4F3 /* main.m */ = {isa = PBXFileReference; lastKnownFileType = sourcecode.c.objc; path = main.m; sourceTree = "<group>"; };
		DE05CBEF241B7BD600B4F4F3 /* PopViewController.h */ = {isa = PBXFileReference; lastKnownFileType = sourcecode.c.h; path = PopViewController.h; sourceTree = "<group>"; };
		DE05CBF0241B7BD600B4F4F3 /* PopViewController.m */ = {isa = PBXFileReference; lastKnownFileType = sourcecode.c.objc; path = PopViewController.m; sourceTree = "<group>"; };
		DE05CBF2241CE56E00B4F4F3 /* AAPopoverViewInWindow.h */ = {isa = PBXFileReference; lastKnownFileType = sourcecode.c.h; path = AAPopoverViewInWindow.h; sourceTree = "<group>"; };
		DE05CBF3241CE56E00B4F4F3 /* AAPopoverViewInWindow.m */ = {isa = PBXFileReference; lastKnownFileType = sourcecode.c.objc; path = AAPopoverViewInWindow.m; sourceTree = "<group>"; };
		DE05CBF5241CE75000B4F4F3 /* UIView+AADUtility.h */ = {isa = PBXFileReference; lastKnownFileType = sourcecode.c.h; path = "UIView+AADUtility.h"; sourceTree = "<group>"; };
		DE05CBF6241CE75000B4F4F3 /* UIView+AADUtility.m */ = {isa = PBXFileReference; lastKnownFileType = sourcecode.c.objc; path = "UIView+AADUtility.m"; sourceTree = "<group>"; };
/* End PBXFileReference section */

/* Begin PBXFrameworksBuildPhase section */
		DE05CBD0241B7B7400B4F4F3 /* Frameworks */ = {
			isa = PBXFrameworksBuildPhase;
			buildActionMask = 2147483647;
			files = (
			);
			runOnlyForDeploymentPostprocessing = 0;
		};
/* End PBXFrameworksBuildPhase section */

/* Begin PBXGroup section */
		DE05CBCA241B7B7400B4F4F3 = {
			isa = PBXGroup;
			children = (
				DE05CBD5241B7B7400B4F4F3 /* PopTips */,
				DE05CBD4241B7B7400B4F4F3 /* Products */,
			);
			sourceTree = "<group>";
		};
		DE05CBD4241B7B7400B4F4F3 /* Products */ = {
			isa = PBXGroup;
			children = (
				DE05CBD3241B7B7400B4F4F3 /* PopTips.app */,
			);
			name = Products;
			sourceTree = "<group>";
		};
		DE05CBD5241B7B7400B4F4F3 /* PopTips */ = {
			isa = PBXGroup;
			children = (
				DE05CBD6241B7B7400B4F4F3 /* AppDelegate.h */,
				DE05CBD7241B7B7400B4F4F3 /* AppDelegate.m */,
				DE05CBD9241B7B7400B4F4F3 /* SceneDelegate.h */,
				DE05CBDA241B7B7400B4F4F3 /* SceneDelegate.m */,
				DE05CBDC241B7B7400B4F4F3 /* ViewController.h */,
				DE05CBDD241B7B7400B4F4F3 /* ViewController.m */,
				DE05CBEF241B7BD600B4F4F3 /* PopViewController.h */,
				DE05CBF0241B7BD600B4F4F3 /* PopViewController.m */,
				DE05CBDF241B7B7400B4F4F3 /* Main.storyboard */,
				DE05CBE2241B7B7500B4F4F3 /* Assets.xcassets */,
				DE05CBE4241B7B7500B4F4F3 /* LaunchScreen.storyboard */,
				DE05CBE7241B7B7500B4F4F3 /* Info.plist */,
				DE05CBE8241B7B7500B4F4F3 /* main.m */,
				DE05CBF2241CE56E00B4F4F3 /* AAPopoverViewInWindow.h */,
				DE05CBF3241CE56E00B4F4F3 /* AAPopoverViewInWindow.m */,
				DE05CBF5241CE75000B4F4F3 /* UIView+AADUtility.h */,
				DE05CBF6241CE75000B4F4F3 /* UIView+AADUtility.m */,
			);
			path = PopTips;
			sourceTree = "<group>";
		};
/* End PBXGroup section */

/* Begin PBXNativeTarget section */
		DE05CBD2241B7B7400B4F4F3 /* PopTips */ = {
			isa = PBXNativeTarget;
			buildConfigurationList = DE05CBEC241B7B7500B4F4F3 /* Build configuration list for PBXNativeTarget "PopTips" */;
			buildPhases = (
				DE05CBCF241B7B7400B4F4F3 /* Sources */,
				DE05CBD0241B7B7400B4F4F3 /* Frameworks */,
				DE05CBD1241B7B7400B4F4F3 /* Resources */,
			);
			buildRules = (
			);
			dependencies = (
			);
			name = PopTips;
			productName = PopTips;
			productReference = DE05CBD3241B7B7400B4F4F3 /* PopTips.app */;
			productType = "com.apple.product-type.application";
		};
/* End PBXNativeTarget section */

/* Begin PBXProject section */
		DE05CBCB241B7B7400B4F4F3 /* Project object */ = {
			isa = PBXProject;
			attributes = {
				LastUpgradeCheck = 1130;
				ORGANIZATIONNAME = alpha;
				TargetAttributes = {
					DE05CBD2241B7B7400B4F4F3 = {
						CreatedOnToolsVersion = 11.3;
					};
				};
			};
			buildConfigurationList = DE05CBCE241B7B7400B4F4F3 /* Build configuration list for PBXProject "PopTips" */;
			compatibilityVersion = "Xcode 9.3";
			developmentRegion = en;
			hasScannedForEncodings = 0;
			knownRegions = (
				en,
				Base,
			);
			mainGroup = DE05CBCA241B7B7400B4F4F3;
			productRefGroup = DE05CBD4241B7B7400B4F4F3 /* Products */;
			projectDirPath = "";
			projectRoot = "";
			targets = (
				DE05CBD2241B7B7400B4F4F3 /* PopTips */,
			);
		};
/* End PBXProject section */

/* Begin PBXResourcesBuildPhase section */
		DE05CBD1241B7B7400B4F4F3 /* Resources */ = {
			isa = PBXResourcesBuildPhase;
			buildActionMask = 2147483647;
			files = (
				DE05CBE6241B7B7500B4F4F3 /* LaunchScreen.storyboard in Resources */,
				DE05CBE3241B7B7500B4F4F3 /* Assets.xcassets in Resources */,
				DE05CBE1241B7B7400B4F4F3 /* Main.storyboard in Resources */,
			);
			runOnlyForDeploymentPostprocessing = 0;
		};
/* End PBXResourcesBuildPhase section */

/* Begin PBXSourcesBuildPhase section */
		DE05CBCF241B7B7400B4F4F3 /* Sources */ = {
			isa = PBXSourcesBuildPhase;
			buildActionMask = 2147483647;
			files = (
				DE05CBDE241B7B7400B4F4F3 /* ViewController.m in Sources */,
				DE05CBF1241B7BD600B4F4F3 /* PopViewController.m in Sources */,
				DE05CBD8241B7B7400B4F4F3 /* AppDelegate.m in Sources */,
				DE05CBE9241B7B7500B4F4F3 /* main.m in Sources */,
				DE05CBF7241CE75000B4F4F3 /* UIView+AADUtility.m in Sources */,
				DE05CBDB241B7B7400B4F4F3 /* SceneDelegate.m in Sources */,
				DE05CBF4241CE56E00B4F4F3 /* AAPopoverViewInWindow.m in Sources */,
			);
			runOnlyForDeploymentPostprocessing = 0;
		};
/* End PBXSourcesBuildPhase section */

/* Begin PBXVariantGroup section */
		DE05CBDF241B7B7400B4F4F3 /* Main.storyboard */ = {
			isa = PBXVariantGroup;
			children = (
				DE05CBE0241B7B7400B4F4F3 /* Base */,
			);
			name = Main.storyboard;
			sourceTree = "<group>";
		};
		DE05CBE4241B7B7500B4F4F3 /* LaunchScreen.storyboard */ = {
			isa = PBXVariantGroup;
			children = (
				DE05CBE5241B7B7500B4F4F3 /* Base */,
			);
			name = LaunchScreen.storyboard;
			sourceTree = "<group>";
		};
/* End PBXVariantGroup section */

/* Begin XCBuildConfiguration section */
		DE05CBEA241B7B7500B4F4F3 /* Debug */ = {
			isa = XCBuildConfiguration;
			buildSettings = {
				ALWAYS_SEARCH_USER_PATHS = NO;
				CLANG_ANALYZER_NONNULL = YES;
				CLANG_ANALYZER_NUMBER_OBJECT_CONVERSION = YES_AGGRESSIVE;
				CLANG_CXX_LANGUAGE_STANDARD = "gnu++14";
				CLANG_CXX_LIBRARY = "libc++";
				CLANG_ENABLE_MODULES = YES;
				CLANG_ENABLE_OBJC_ARC = YES;
				CLANG_ENABLE_OBJC_WEAK = YES;
				CLANG_WARN_BLOCK_CAPTURE_AUTORELEASING = YES;
				CLANG_WARN_BOOL_CONVERSION = YES;
				CLANG_WARN_COMMA = YES;
				CLANG_WARN_CONSTANT_CONVERSION = YES;
				CLANG_WARN_DEPRECATED_OBJC_IMPLEMENTATIONS = YES;
				CLANG_WARN_DIRECT_OBJC_ISA_USAGE = YES_ERROR;
				CLANG_WARN_DOCUMENTATION_COMMENTS = YES;
				CLANG_WARN_EMPTY_BODY = YES;
				CLANG_WARN_ENUM_CONVERSION = YES;
				CLANG_WARN_INFINITE_RECURSION = YES;
				CLANG_WARN_INT_CONVERSION = YES;
				CLANG_WARN_NON_LITERAL_NULL_CONVERSION = YES;
				CLANG_WARN_OBJC_IMPLICIT_RETAIN_SELF = YES;
				CLANG_WARN_OBJC_LITERAL_CONVERSION = YES;
				CLANG_WARN_OBJC_ROOT_CLASS = YES_ERROR;
				CLANG_WARN_RANGE_LOOP_ANALYSIS = YES;
				CLANG_WARN_STRICT_PROTOTYPES = YES;
				CLANG_WARN_SUSPICIOUS_MOVE = YES;
				CLANG_WARN_UNGUARDED_AVAILABILITY = YES_AGGRESSIVE;
				CLANG_WARN_UNREACHABLE_CODE = YES;
				CLANG_WARN__DUPLICATE_METHOD_MATCH = YES;
				COPY_PHASE_STRIP = NO;
				DEBUG_INFORMATION_FORMAT = dwarf;
				ENABLE_STRICT_OBJC_MSGSEND = YES;
				ENABLE_TESTABILITY = YES;
				GCC_C_LANGUAGE_STANDARD = gnu11;
				GCC_DYNAMIC_NO_PIC = NO;
				GCC_NO_COMMON_BLOCKS = YES;
				GCC_OPTIMIZATION_LEVEL = 0;
				GCC_PREPROCESSOR_DEFINITIONS = (
					"DEBUG=1",
					"$(inherited)",
				);
				GCC_WARN_64_TO_32_BIT_CONVERSION = YES;
				GCC_WARN_ABOUT_RETURN_TYPE = YES_ERROR;
				GCC_WARN_UNDECLARED_SELECTOR = YES;
				GCC_WARN_UNINITIALIZED_AUTOS = YES_AGGRESSIVE;
				GCC_WARN_UNUSED_FUNCTION = YES;
				GCC_WARN_UNUSED_VARIABLE = YES;
				IPHONEOS_DEPLOYMENT_TARGET = 13.2;
				MTL_ENABLE_DEBUG_INFO = INCLUDE_SOURCE;
				MTL_FAST_MATH = YES;
				ONLY_ACTIVE_ARCH = YES;
				SDKROOT = iphoneos;
			};
			name = Debug;
		};
		DE05CBEB241B7B7500B4F4F3 /* Release */ = {
			isa = XCBuildConfiguration;
			buildSettings = {
				ALWAYS_SEARCH_USER_PATHS = NO;
				CLANG_ANALYZER_NONNULL = YES;
				CLANG_ANALYZER_NUMBER_OBJECT_CONVERSION = YES_AGGRESSIVE;
				CLANG_CXX_LANGUAGE_STANDARD = "gnu++14";
				CLANG_CXX_LIBRARY = "libc++";
				CLANG_ENABLE_MODULES = YES;
				CLANG_ENABLE_OBJC_ARC = YES;
				CLANG_ENABLE_OBJC_WEAK = YES;
				CLANG_WARN_BLOCK_CAPTURE_AUTORELEASING = YES;
				CLANG_WARN_BOOL_CONVERSION = YES;
				CLANG_WARN_COMMA = YES;
				CLANG_WARN_CONSTANT_CONVERSION = YES;
				CLANG_WARN_DEPRECATED_OBJC_IMPLEMENTATIONS = YES;
				CLANG_WARN_DIRECT_OBJC_ISA_USAGE = YES_ERROR;
				CLANG_WARN_DOCUMENTATION_COMMENTS = YES;
				CLANG_WARN_EMPTY_BODY = YES;
				CLANG_WARN_ENUM_CONVERSION = YES;
				CLANG_WARN_INFINITE_RECURSION = YES;
				CLANG_WARN_INT_CONVERSION = YES;
				CLANG_WARN_NON_LITERAL_NULL_CONVERSION = YES;
				CLANG_WARN_OBJC_IMPLICIT_RETAIN_SELF = YES;
				CLANG_WARN_OBJC_LITERAL_CONVERSION = YES;
				CLANG_WARN_OBJC_ROOT_CLASS = YES_ERROR;
				CLANG_WARN_RANGE_LOOP_ANALYSIS = YES;
				CLANG_WARN_STRICT_PROTOTYPES = YES;
				CLANG_WARN_SUSPICIOUS_MOVE = YES;
				CLANG_WARN_UNGUARDED_AVAILABILITY = YES_AGGRESSIVE;
				CLANG_WARN_UNREACHABLE_CODE = YES;
				CLANG_WARN__DUPLICATE_METHOD_MATCH = YES;
				COPY_PHASE_STRIP = NO;
				DEBUG_INFORMATION_FORMAT = "dwarf-with-dsym";
				ENABLE_NS_ASSERTIONS = NO;
				ENABLE_STRICT_OBJC_MSGSEND = YES;
				GCC_C_LANGUAGE_STANDARD = gnu11;
				GCC_NO_COMMON_BLOCKS = YES;
				GCC_WARN_64_TO_32_BIT_CONVERSION = YES;
				GCC_WARN_ABOUT_RETURN_TYPE = YES_ERROR;
				GCC_WARN_UNDECLARED_SELECTOR = YES;
				GCC_WARN_UNINITIALIZED_AUTOS = YES_AGGRESSIVE;
				GCC_WARN_UNUSED_FUNCTION = YES;
				GCC_WARN_UNUSED_VARIABLE = YES;
				IPHONEOS_DEPLOYMENT_TARGET = 13.2;
				MTL_ENABLE_DEBUG_INFO = NO;
				MTL_FAST_MATH = YES;
				SDKROOT = iphoneos;
				VALIDATE_PRODUCT = YES;
			};
			name = Release;
		};
		DE05CBED241B7B7500B4F4F3 /* Debug */ = {
			isa = XCBuildConfiguration;
			buildSettings = {
				ASSETCATALOG_COMPILER_APPICON_NAME = AppIcon;
				CODE_SIGN_STYLE = Automatic;
				DEVELOPMENT_TEAM = V5A9TMEDJQ;
				INFOPLIST_FILE = PopTips/Info.plist;
				LD_RUNPATH_SEARCH_PATHS = (
					"$(inherited)",
					"@executable_path/Frameworks",
				);
				PRODUCT_BUNDLE_IDENTIFIER = com.alpha.PopTips;
				PRODUCT_NAME = "$(TARGET_NAME)";
				TARGETED_DEVICE_FAMILY = "1,2";
			};
			name = Debug;
		};
		DE05CBEE241B7B7500B4F4F3 /* Release */ = {
			isa = XCBuildConfiguration;
			buildSettings = {
				ASSETCATALOG_COMPILER_APPICON_NAME = AppIcon;
				CODE_SIGN_STYLE = Automatic;
				DEVELOPMENT_TEAM = V5A9TMEDJQ;
				INFOPLIST_FILE = PopTips/Info.plist;
				LD_RUNPATH_SEARCH_PATHS = (
					"$(inherited)",
					"@executable_path/Frameworks",
				);
				PRODUCT_BUNDLE_IDENTIFIER = com.alpha.PopTips;
				PRODUCT_NAME = "$(TARGET_NAME)";
				TARGETED_DEVICE_FAMILY = "1,2";
			};
			name = Release;
		};
/* End XCBuildConfiguration section */

/* Begin XCConfigurationList section */
		DE05CBCE241B7B7400B4F4F3 /* Build configuration list for PBXProject "PopTips" */ = {
			isa = XCConfigurationList;
			buildConfigurations = (
				DE05CBEA241B7B7500B4F4F3 /* Debug */,
				DE05CBEB241B7B7500B4F4F3 /* Release */,
			);
			defaultConfigurationIsVisible = 0;
			defaultConfigurationName = Release;
		};
		DE05CBEC241B7B7500B4F4F3 /* Build configuration list for PBXNativeTarget "PopTips" */ = {
			isa = XCConfigurationList;
			buildConfigurations = (
				DE05CBED241B7B7500B4F4F3 /* Debug */,
				DE05CBEE241B7B7500B4F4F3 /* Release */,
			);
			defaultConfigurationIsVisible = 0;
			defaultConfigurationName = Release;
		};
/* End XCConfigurationList section */
	};
	rootObject = DE05CBCB241B7B7400B4F4F3 /* Project object */;
}
